
Microsoft Visual Studio Solution File, Format Version 12.00
# Visual Studio 15
VisualStudioVersion = 15.0.26124.0
MinimumVisualStudioVersion = 15.0.26124.0
Project("{FAE04EC0-301F-11D3-BF4B-00C04F79EFBC}") = "Whyvra.Tunnel.Domain", "Whyvra.Tunnel.Domain\Whyvra.Tunnel.Domain.csproj", "{D6B3E4FD-AE96-43D4-A3FB-9BCB1CB1FED5}"
EndProject
Project("{FAE04EC0-301F-11D3-BF4B-00C04F79EFBC}") = "Whyvra.Tunnel.Data", "Whyvra.Tunnel.Data\Whyvra.Tunnel.Data.csproj", "{C1B3AA80-DAC5-48A2-982E-90516C732BA6}"
EndProject
Project("{FAE04EC0-301F-11D3-BF4B-00C04F79EFBC}") = "Whyvra.Tunnel.Data.Sqlite", "Whyvra.Tunnel.Data.Sqlite\Whyvra.Tunnel.Data.Sqlite.csproj", "{C83962A2-8624-469D-8A61-56315D68B23C}"
EndProject
Project("{FAE04EC0-301F-11D3-BF4B-00C04F79EFBC}") = "Whyvra.Tunnel.Data.Postgres", "Whyvra.Tunnel.Data.Postgres\Whyvra.Tunnel.Data.Postgres.csproj", "{1C0D69BD-8CBB-44AF-9ECF-652CFDD7D88D}"
EndProject
Project("{FAE04EC0-301F-11D3-BF4B-00C04F79EFBC}") = "Whyvra.Tunnel.Common", "Whyvra.Tunnel.Common\Whyvra.Tunnel.Common.csproj", "{F19B62AF-6B7A-4E2C-9D07-423004A62F8F}"
EndProject
Project("{FAE04EC0-301F-11D3-BF4B-00C04F79EFBC}") = "Whyvra.Tunnel.Core", "Whyvra.Tunnel.Core\Whyvra.Tunnel.Core.csproj", "{3B8ABE22-3571-4E40-9919-A2A47CE61A42}"
EndProject
Project("{FAE04EC0-301F-11D3-BF4B-00C04F79EFBC}") = "Whyvra.Tunnel.Api", "Whyvra.Tunnel.Api\Whyvra.Tunnel.Api.csproj", "{0F9B5A73-B64C-40F6-B139-9573C9391382}"
EndProject
Project("{FAE04EC0-301F-11D3-BF4B-00C04F79EFBC}") = "Whyvra.Tunnel.Presentation", "Whyvra.Tunnel.Presentation\Whyvra.Tunnel.Presentation.csproj", "{AD0B63E0-C57E-4AE9-9AC6-AB8447C7872D}"
EndProject
Global
	GlobalSection(SolutionConfigurationPlatforms) = preSolution
		Debug|Any CPU = Debug|Any CPU
		Debug|x64 = Debug|x64
		Debug|x86 = Debug|x86
		Release|Any CPU = Release|Any CPU
		Release|x64 = Release|x64
		Release|x86 = Release|x86
	EndGlobalSection
	GlobalSection(SolutionProperties) = preSolution
		HideSolutionNode = FALSE
	EndGlobalSection
	GlobalSection(ProjectConfigurationPlatforms) = postSolution
		{D6B3E4FD-AE96-43D4-A3FB-9BCB1CB1FED5}.Debug|Any CPU.ActiveCfg = Debug|Any CPU
		{D6B3E4FD-AE96-43D4-A3FB-9BCB1CB1FED5}.Debug|Any CPU.Build.0 = Debug|Any CPU
		{D6B3E4FD-AE96-43D4-A3FB-9BCB1CB1FED5}.Debug|x64.ActiveCfg = Debug|Any CPU
		{D6B3E4FD-AE96-43D4-A3FB-9BCB1CB1FED5}.Debug|x64.Build.0 = Debug|Any CPU
		{D6B3E4FD-AE96-43D4-A3FB-9BCB1CB1FED5}.Debug|x86.ActiveCfg = Debug|Any CPU
		{D6B3E4FD-AE96-43D4-A3FB-9BCB1CB1FED5}.Debug|x86.Build.0 = Debug|Any CPU
		{D6B3E4FD-AE96-43D4-A3FB-9BCB1CB1FED5}.Release|Any CPU.ActiveCfg = Release|Any CPU
		{D6B3E4FD-AE96-43D4-A3FB-9BCB1CB1FED5}.Release|Any CPU.Build.0 = Release|Any CPU
		{D6B3E4FD-AE96-43D4-A3FB-9BCB1CB1FED5}.Release|x64.ActiveCfg = Release|Any CPU
		{D6B3E4FD-AE96-43D4-A3FB-9BCB1CB1FED5}.Release|x64.Build.0 = Release|Any CPU
		{D6B3E4FD-AE96-43D4-A3FB-9BCB1CB1FED5}.Release|x86.ActiveCfg = Release|Any CPU
		{D6B3E4FD-AE96-43D4-A3FB-9BCB1CB1FED5}.Release|x86.Build.0 = Release|Any CPU
		{C1B3AA80-DAC5-48A2-982E-90516C732BA6}.Debug|Any CPU.ActiveCfg = Debug|Any CPU
		{C1B3AA80-DAC5-48A2-982E-90516C732BA6}.Debug|Any CPU.Build.0 = Debug|Any CPU
		{C1B3AA80-DAC5-48A2-982E-90516C732BA6}.Debug|x64.ActiveCfg = Debug|Any CPU
		{C1B3AA80-DAC5-48A2-982E-90516C732BA6}.Debug|x64.Build.0 = Debug|Any CPU
		{C1B3AA80-DAC5-48A2-982E-90516C732BA6}.Debug|x86.ActiveCfg = Debug|Any CPU
		{C1B3AA80-DAC5-48A2-982E-90516C732BA6}.Debug|x86.Build.0 = Debug|Any CPU
		{C1B3AA80-DAC5-48A2-982E-90516C732BA6}.Release|Any CPU.ActiveCfg = Release|Any CPU
		{C1B3AA80-DAC5-48A2-982E-90516C732BA6}.Release|Any CPU.Build.0 = Release|Any CPU
		{C1B3AA80-DAC5-48A2-982E-90516C732BA6}.Release|x64.ActiveCfg = Release|Any CPU
		{C1B3AA80-DAC5-48A2-982E-90516C732BA6}.Release|x64.Build.0 = Release|Any CPU
		{C1B3AA80-DAC5-48A2-982E-90516C732BA6}.Release|x86.ActiveCfg = Release|Any CPU
		{C1B3AA80-DAC5-48A2-982E-90516C732BA6}.Release|x86.Build.0 = Release|Any CPU
		{C83962A2-8624-469D-8A61-56315D68B23C}.Debug|Any CPU.ActiveCfg = Debug|Any CPU
		{C83962A2-8624-469D-8A61-56315D68B23C}.Debug|Any CPU.Build.0 = Debug|Any CPU
		{C83962A2-8624-469D-8A61-56315D68B23C}.Debug|x64.ActiveCfg = Debug|Any CPU
		{C83962A2-8624-469D-8A61-56315D68B23C}.Debug|x64.Build.0 = Debug|Any CPU
		{C83962A2-8624-469D-8A61-56315D68B23C}.Debug|x86.ActiveCfg = Debug|Any CPU
		{C83962A2-8624-469D-8A61-56315D68B23C}.Debug|x86.Build.0 = Debug|Any CPU
		{C83962A2-8624-469D-8A61-56315D68B23C}.Release|Any CPU.ActiveCfg = Release|Any CPU
		{C83962A2-8624-469D-8A61-56315D68B23C}.Release|Any CPU.Build.0 = Release|Any CPU
		{C83962A2-8624-469D-8A61-56315D68B23C}.Release|x64.ActiveCfg = Release|Any CPU
		{C83962A2-8624-469D-8A61-56315D68B23C}.Release|x64.Build.0 = Release|Any CPU
		{C83962A2-8624-469D-8A61-56315D68B23C}.Release|x86.ActiveCfg = Release|Any CPU
		{C83962A2-8624-469D-8A61-56315D68B23C}.Release|x86.Build.0 = Release|Any CPU
		{1C0D69BD-8CBB-44AF-9ECF-652CFDD7D88D}.Debug|Any CPU.ActiveCfg = Debug|Any CPU
		{1C0D69BD-8CBB-44AF-9ECF-652CFDD7D88D}.Debug|Any CPU.Build.0 = Debug|Any CPU
		{1C0D69BD-8CBB-44AF-9ECF-652CFDD7D88D}.Debug|x64.ActiveCfg = Debug|Any CPU
		{1C0D69BD-8CBB-44AF-9ECF-652CFDD7D88D}.Debug|x64.Build.0 = Debug|Any CPU
		{1C0D69BD-8CBB-44AF-9ECF-652CFDD7D88D}.Debug|x86.ActiveCfg = Debug|Any CPU
		{1C0D69BD-8CBB-44AF-9ECF-652CFDD7D88D}.Debug|x86.Build.0 = Debug|Any CPU
		{1C0D69BD-8CBB-44AF-9ECF-652CFDD7D88D}.Release|Any CPU.ActiveCfg = Release|Any CPU
		{1C0D69BD-8CBB-44AF-9ECF-652CFDD7D88D}.Release|Any CPU.Build.0 = Release|Any CPU
		{1C0D69BD-8CBB-44AF-9ECF-652CFDD7D88D}.Release|x64.ActiveCfg = Release|Any CPU
		{1C0D69BD-8CBB-44AF-9ECF-652CFDD7D88D}.Release|x64.Build.0 = Release|Any CPU
		{1C0D69BD-8CBB-44AF-9ECF-652CFDD7D88D}.Release|x86.ActiveCfg = Release|Any CPU
		{1C0D69BD-8CBB-44AF-9ECF-652CFDD7D88D}.Release|x86.Build.0 = Release|Any CPU
		{F19B62AF-6B7A-4E2C-9D07-423004A62F8F}.Debug|Any CPU.ActiveCfg = Debug|Any CPU
		{F19B62AF-6B7A-4E2C-9D07-423004A62F8F}.Debug|Any CPU.Build.0 = Debug|Any CPU
		{F19B62AF-6B7A-4E2C-9D07-423004A62F8F}.Debug|x64.ActiveCfg = Debug|Any CPU
		{F19B62AF-6B7A-4E2C-9D07-423004A62F8F}.Debug|x64.Build.0 = Debug|Any CPU
		{F19B62AF-6B7A-4E2C-9D07-423004A62F8F}.Debug|x86.ActiveCfg = Debug|Any CPU
		{F19B62AF-6B7A-4E2C-9D07-423004A62F8F}.Debug|x86.Build.0 = Debug|Any CPU
		{F19B62AF-6B7A-4E2C-9D07-423004A62F8F}.Release|Any CPU.ActiveCfg = Release|Any CPU
		{F19B62AF-6B7A-4E2C-9D07-423004A62F8F}.Release|Any CPU.Build.0 = Release|Any CPU
		{F19B62AF-6B7A-4E2C-9D07-423004A62F8F}.Release|x64.ActiveCfg = Release|Any CPU
		{F19B62AF-6B7A-4E2C-9D07-423004A62F8F}.Release|x64.Build.0 = Release|Any CPU
		{F19B62AF-6B7A-4E2C-9D07-423004A62F8F}.Release|x86.ActiveCfg = Release|Any CPU
		{F19B62AF-6B7A-4E2C-9D07-423004A62F8F}.Release|x86.Build.0 = Release|Any CPU
		{3B8ABE22-3571-4E40-9919-A2A47CE61A42}.Debug|Any CPU.ActiveCfg = Debug|Any CPU
		{3B8ABE22-3571-4E40-9919-A2A47CE61A42}.Debug|Any CPU.Build.0 = Debug|Any CPU
		{3B8ABE22-3571-4E40-9919-A2A47CE61A42}.Debug|x64.ActiveCfg = Debug|Any CPU
		{3B8ABE22-3571-4E40-9919-A2A47CE61A42}.Debug|x64.Build.0 = Debug|Any CPU
		{3B8ABE22-3571-4E40-9919-A2A47CE61A42}.Debug|x86.ActiveCfg = Debug|Any CPU
		{3B8ABE22-3571-4E40-9919-A2A47CE61A42}.Debug|x86.Build.0 = Debug|Any CPU
		{3B8ABE22-3571-4E40-9919-A2A47CE61A42}.Release|Any CPU.ActiveCfg = Release|Any CPU
		{3B8ABE22-3571-4E40-9919-A2A47CE61A42}.Release|Any CPU.Build.0 = Release|Any CPU
		{3B8ABE22-3571-4E40-9919-A2A47CE61A42}.Release|x64.ActiveCfg = Release|Any CPU
		{3B8ABE22-3571-4E40-9919-A2A47CE61A42}.Release|x64.Build.0 = Release|Any CPU
		{3B8ABE22-3571-4E40-9919-A2A47CE61A42}.Release|x86.ActiveCfg = Release|Any CPU
		{3B8ABE22-3571-4E40-9919-A2A47CE61A42}.Release|x86.Build.0 = Release|Any CPU
		{0F9B5A73-B64C-40F6-B139-9573C9391382}.Debug|Any CPU.ActiveCfg = Debug|Any CPU
		{0F9B5A73-B64C-40F6-B139-9573C9391382}.Debug|Any CPU.Build.0 = Debug|Any CPU
		{0F9B5A73-B64C-40F6-B139-9573C9391382}.Debug|x64.ActiveCfg = Debug|Any CPU
		{0F9B5A73-B64C-40F6-B139-9573C9391382}.Debug|x64.Build.0 = Debug|Any CPU
		{0F9B5A73-B64C-40F6-B139-9573C9391382}.Debug|x86.ActiveCfg = Debug|Any CPU
		{0F9B5A73-B64C-40F6-B139-9573C9391382}.Debug|x86.Build.0 = Debug|Any CPU
		{0F9B5A73-B64C-40F6-B139-9573C9391382}.Release|Any CPU.ActiveCfg = Release|Any CPU
		{0F9B5A73-B64C-40F6-B139-9573C9391382}.Release|Any CPU.Build.0 = Release|Any CPU
		{0F9B5A73-B64C-40F6-B139-9573C9391382}.Release|x64.ActiveCfg = Release|Any CPU
		{0F9B5A73-B64C-40F6-B139-9573C9391382}.Release|x64.Build.0 = Release|Any CPU
		{0F9B5A73-B64C-40F6-B139-9573C9391382}.Release|x86.ActiveCfg = Release|Any CPU
		{0F9B5A73-B64C-40F6-B139-9573C9391382}.Release|x86.Build.0 = Release|Any CPU
		{AD0B63E0-C57E-4AE9-9AC6-AB8447C7872D}.Debug|Any CPU.ActiveCfg = Debug|Any CPU
		{AD0B63E0-C57E-4AE9-9AC6-AB8447C7872D}.Debug|Any CPU.Build.0 = Debug|Any CPU
		{AD0B63E0-C57E-4AE9-9AC6-AB8447C7872D}.Debug|x64.ActiveCfg = Debug|Any CPU
		{AD0B63E0-C57E-4AE9-9AC6-AB8447C7872D}.Debug|x64.Build.0 = Debug|Any CPU
		{AD0B63E0-C57E-4AE9-9AC6-AB8447C7872D}.Debug|x86.ActiveCfg = Debug|Any CPU
		{AD0B63E0-C57E-4AE9-9AC6-AB8447C7872D}.Debug|x86.Build.0 = Debug|Any CPU
		{AD0B63E0-C57E-4AE9-9AC6-AB8447C7872D}.Release|Any CPU.ActiveCfg = Release|Any CPU
		{AD0B63E0-C57E-4AE9-9AC6-AB8447C7872D}.Release|Any CPU.Build.0 = Release|Any CPU
		{AD0B63E0-C57E-4AE9-9AC6-AB8447C7872D}.Release|x64.ActiveCfg = Release|Any CPU
		{AD0B63E0-C57E-4AE9-9AC6-AB8447C7872D}.Release|x64.Build.0 = Release|Any CPU
		{AD0B63E0-C57E-4AE9-9AC6-AB8447C7872D}.Release|x86.ActiveCfg = Release|Any CPU
		{AD0B63E0-C57E-4AE9-9AC6-AB8447C7872D}.Release|x86.Build.0 = Release|Any CPU
	EndGlobalSection
EndGlobal
